{
  "pins" : [
    {
      "identity" : "safesfsymbols",
      "kind" : "remoteSourceControl",
      "location" : "https://github.com/sparrowcode/SafeSFSymbols",
      "state" : {
        "revision" : "07f11f923b53f26cf9214800f8a397a87865f3ef",
        "version" : "2.0.1"
      }
    }
  ],
  "version" : 2
}
